{
  "name": "juno-privacy-mixer",
  "version": "1.0.0",
  "lockfileVersion": 3,
  "requires": true,
  "packages": {
    "": {
      "name": "juno-privacy-mixer",
      "version": "1.0.0",
      "dependencies": {
        "@sentry/node": "^7.0.0",
        "circomlib": "^2.0.5"
      }
    },
    "node_modules/@sentry-internal/tracing": {
      "version": "7.120.3",
      "resolved": "https://registry.npmjs.org/@sentry-internal/tracing/-/tracing-7.120.3.tgz",
      "integrity": "sha512-Ausx+Jw1pAMbIBHStoQ6ZqDZR60PsCByvHdw/jdH9AqPrNE9xlBSf9EwcycvmrzwyKspSLaB52grlje2cRIUMg==",
      "license": "MIT",
      "dependencies": {
        "@sentry/core": "7.120.3",
        "@sentry/types": "7.120.3",
        "@sentry/utils": "7.120.3"
      },
      "engines": {
        "node": ">=8"
      }
    },
    "node_modules/@sentry/core": {
      "version": "7.120.3",
      "resolved": "https://registry.npmjs.org/@sentry/core/-/core-7.120.3.tgz",
      "integrity": "sha512-vyy11fCGpkGK3qI5DSXOjgIboBZTriw0YDx/0KyX5CjIjDDNgp5AGgpgFkfZyiYiaU2Ww3iFuKo4wHmBusz1uA==",
      "license": "MIT",
      "dependencies": {
        "@sentry/types": "7.120.3",
        "@sentry/utils": "7.120.3"
      },
      "engines": {
        "node": ">=8"
      }
    },
    "node_modules/@sentry/integrations": {
      "version": "7.120.3",
      "resolved": "https://registry.npmjs.org/@sentry/integrations/-/integrations-7.120.3.tgz",
      "integrity": "sha512-6i/lYp0BubHPDTg91/uxHvNui427df9r17SsIEXa2eKDwQ9gW2qRx5IWgvnxs2GV/GfSbwcx4swUB3RfEWrXrQ==",
      "license": "MIT",
      "dependencies": {
        "@sentry/core": "7.120.3",
        "@sentry/types": "7.120.3",
        "@sentry/utils": "7.120.3",
        "localforage": "^1.8.1"
      },
      "engines": {
        "node": ">=8"
      }
    },
    "node_modules/@sentry/node": {
      "version": "7.120.3",
      "resolved": "https://registry.npmjs.org/@sentry/node/-/node-7.120.3.tgz",
      "integrity": "sha512-t+QtekZedEfiZjbkRAk1QWJPnJlFBH/ti96tQhEq7wmlk3VszDXraZvLWZA0P2vXyglKzbWRGkT31aD3/kX+5Q==",
      "license": "MIT",
      "dependencies": {
        "@sentry-internal/tracing": "7.120.3",
        "@sentry/core": "7.120.3",
        "@sentry/integrations": "7.120.3",
        "@sentry/types": "7.120.3",
        "@sentry/utils": "7.120.3"
      },
      "engines": {
        "node": ">=8"
      }
    },
    "node_modules/@sentry/types": {
      "version": "7.120.3",
      "resolved": "https://registry.npmjs.org/@sentry/types/-/types-7.120.3.tgz",
      "integrity": "sha512-C4z+3kGWNFJ303FC+FxAd4KkHvxpNFYAFN8iMIgBwJdpIl25KZ8Q/VdGn0MLLUEHNLvjob0+wvwlcRBBNLXOow==",
      "license": "MIT",
      "engines": {
        "node": ">=8"
      }
    },
    "node_modules/@sentry/utils": {
      "version": "7.120.3",
      "resolved": "https://registry.npmjs.org/@sentry/utils/-/utils-7.120.3.tgz",
      "integrity": "sha512-UDAOQJtJDxZHQ5Nm1olycBIsz2wdGX8SdzyGVHmD8EOQYAeDZQyIlQYohDe9nazdIOQLZCIc3fU0G9gqVLkaGQ==",
      "license": "MIT",
      "dependencies": {
        "@sentry/types": "7.120.3"
      },
      "engines": {
        "node": ">=8"
      }
    },
    "node_modules/circomlib": {
      "version": "2.0.5",
      "resolved": "https://registry.npmjs.org/circomlib/-/circomlib-2.0.5.tgz",
      "integrity": "sha512-O7NQ8OS+J4eshBuoy36z/TwQU0YHw8W3zxZcs4hVwpEll3e4hDm3mgkIPqItN8FDeLEKZFK3YeT/+k8TiLF3/A==",
      "license": "GPL-3.0"
    },
    "node_modules/immediate": {
      "version": "3.0.6",
      "resolved": "https://registry.npmjs.org/immediate/-/immediate-3.0.6.tgz",
      "integrity": "sha512-XXOFtyqDjNDAQxVfYxuF7g9Il/IbWmmlQg2MYKOH8ExIT1qg6xc4zyS3HaEEATgs1btfzxq15ciUiY7gjSXRGQ==",
      "license": "MIT"
    },
    "node_modules/lie": {
      "version": "3.1.1",
      "resolved": "https://registry.npmjs.org/lie/-/lie-3.1.1.tgz",
      "integrity": "sha512-RiNhHysUjhrDQntfYSfY4MU24coXXdEOgw9WGcKHNeEwffDYbF//u87M1EWaMGzuFoSbqW0C9C6lEEhDOAswfw==",
      "license": "MIT",
      "dependencies": {
        "immediate": "~3.0.5"
      }
    },
    "node_modules/localforage": {
      "version": "1.10.0",
      "resolved": "https://registry.npmjs.org/localforage/-/localforage-1.10.0.tgz",
      "integrity": "sha512-14/H1aX7hzBBmmh7sGPd+AOMkkIrHM3Z1PAyGgZigA1H1p5O5ANnMyWzvpAETtG68/dC4pC0ncy3+PPGzXZHPg==",
      "license": "Apache-2.0",
      "dependencies": {
        "lie": "3.1.1"
      }
    }
  }
}
